Microsoft Visual Studio Solution File, Format Version 12.00
# Visual Studio Version 17
VisualStudioVersion = 17.8.34322.80
MinimumVisualStudioVersion = 10.0.40219.1
Project("{9A19103F-16F7-4668-BE54-9A1E7A4F7556}") = "NGuava", "NGuava\NGuava.csproj", "{E4BACFFA-ADC8-478A-9AB2-99AD0695246F}"
EndProject
Project("{FAE04EC0-301F-11D3-BF4B-00C04F79EFBC}") = "EventBusTesting", "EventBusTesting\EventBusTesting.csproj", "{A7C0D97D-0B5F-44C7-8FA7-CF9844FC282E}"
EndProject
Global
	GlobalSection(SolutionConfigurationPlatforms) = preSolution
		Debug|Any CPU = Debug|Any CPU
		Release|Any CPU = Release|Any CPU
	EndGlobalSection
	GlobalSection(ProjectConfigurationPlatforms) = postSolution
		{E4BACFFA-ADC8-478A-9AB2-99AD0695246F}.Debug|Any CPU.ActiveCfg = Debug|Any CPU
		{E4BACFFA-ADC8-478A-9AB2-99AD0695246F}.Debug|Any CPU.Build.0 = Debug|Any CPU
		{E4BACFFA-ADC8-478A-9AB2-99AD0695246F}.Release|Any CPU.ActiveCfg = Release|Any CPU
		{E4BACFFA-ADC8-478A-9AB2-99AD0695246F}.Release|Any CPU.Build.0 = Release|Any CPU
		{A7C0D97D-0B5F-44C7-8FA7-CF9844FC282E}.Debug|Any CPU.ActiveCfg = Debug|Any CPU
		{A7C0D97D-0B5F-44C7-8FA7-CF9844FC282E}.Debug|Any CPU.Build.0 = Debug|Any CPU
		{A7C0D97D-0B5F-44C7-8FA7-CF9844FC282E}.Release|Any CPU.ActiveCfg = Release|Any CPU
		{A7C0D97D-0B5F-44C7-8FA7-CF9844FC282E}.Release|Any CPU.Build.0 = Release|Any CPU
	EndGlobalSection
	GlobalSection(SolutionProperties) = preSolution
		HideSolutionNode = FALSE
	EndGlobalSection
	GlobalSection(ExtensibilityGlobals) = postSolution
		SolutionGuid = {3004B977-BF47-48E1-8954-E073177DB25C}
	EndGlobalSection
EndGlobal
